
Microsoft Visual Studio Solution File, Format Version 12.00
# Visual Studio Version 17
VisualStudioVersion = 17.11.35312.102
MinimumVisualStudioVersion = 10.0.40219.1
Project("{FAE04EC0-301F-11D3-BF4B-00C04F79EFBC}") = "eTickets", "eTickets\eTickets.csproj", "{3F8E3B19-F2C2-48D7-B4DC-C01FC4475583}"
EndProject
Global
	GlobalSection(SolutionConfigurationPlatforms) = preSolution
		Debug|Any CPU = Debug|Any CPU
		Release|Any CPU = Release|Any CPU
	EndGlobalSection
	GlobalSection(ProjectConfigurationPlatforms) = postSolution
		{3F8E3B19-F2C2-48D7-B4DC-C01FC4475583}.Debug|Any CPU.ActiveCfg = Debug|Any CPU
		{3F8E3B19-F2C2-48D7-B4DC-C01FC4475583}.Debug|Any CPU.Build.0 = Debug|Any CPU
		{3F8E3B19-F2C2-48D7-B4DC-C01FC4475583}.Release|Any CPU.ActiveCfg = Release|Any CPU
		{3F8E3B19-F2C2-48D7-B4DC-C01FC4475583}.Release|Any CPU.Build.0 = Release|Any CPU
	EndGlobalSection
	GlobalSection(SolutionProperties) = preSolution
		HideSolutionNode = FALSE
	EndGlobalSection
	GlobalSection(ExtensibilityGlobals) = postSolution
		SolutionGuid = {A043BC9C-27E8-4961-93DC-A9D850C9E4B1}
	EndGlobalSection
EndGlobal
